
Microsoft Visual Studio Solution File, Format Version 12.00
# Visual Studio 14
VisualStudioVersion = 14.0.25123.0
MinimumVisualStudioVersion = 10.0.40219.1
Project("{FAE04EC0-301F-11D3-BF4B-00C04F79EFBC}") = "KTSerializer", "KTSerializer\KTSerializer.csproj", "{98360DCC-E49E-4E37-9FB7-E4AAAD191C6F}"
EndProject
Project("{FAE04EC0-301F-11D3-BF4B-00C04F79EFBC}") = "KTSerializer.Tests", "KTSerializer.Tests\KTSerializer.Tests.csproj", "{60BD7C3A-56AF-4329-B2F9-B4D19E432AD5}"
EndProject
Global
	GlobalSection(SolutionConfigurationPlatforms) = preSolution
		Debug|Any CPU = Debug|Any CPU
		Release|Any CPU = Release|Any CPU
	EndGlobalSection
	GlobalSection(ProjectConfigurationPlatforms) = postSolution
		{98360DCC-E49E-4E37-9FB7-E4AAAD191C6F}.Debug|Any CPU.ActiveCfg = Debug|Any CPU
		{98360DCC-E49E-4E37-9FB7-E4AAAD191C6F}.Debug|Any CPU.Build.0 = Debug|Any CPU
		{98360DCC-E49E-4E37-9FB7-E4AAAD191C6F}.Release|Any CPU.ActiveCfg = Release|Any CPU
		{98360DCC-E49E-4E37-9FB7-E4AAAD191C6F}.Release|Any CPU.Build.0 = Release|Any CPU
		{60BD7C3A-56AF-4329-B2F9-B4D19E432AD5}.Debug|Any CPU.ActiveCfg = Debug|Any CPU
		{60BD7C3A-56AF-4329-B2F9-B4D19E432AD5}.Debug|Any CPU.Build.0 = Debug|Any CPU
		{60BD7C3A-56AF-4329-B2F9-B4D19E432AD5}.Release|Any CPU.ActiveCfg = Release|Any CPU
		{60BD7C3A-56AF-4329-B2F9-B4D19E432AD5}.Release|Any CPU.Build.0 = Release|Any CPU
	EndGlobalSection
	GlobalSection(SolutionProperties) = preSolution
		HideSolutionNode = FALSE
	EndGlobalSection
EndGlobal
